
Microsoft Visual Studio Solution File, Format Version 12.00
# Visual Studio 15
VisualStudioVersion = 15.0.28307.902
MinimumVisualStudioVersion = 10.0.40219.1
Project("{FAE04EC0-301F-11D3-BF4B-00C04F79EFBC}") = "WiiExplorer", "WiiExplorer\WiiExplorer.csproj", "{3711A74A-B9FB-4C8F-A7AB-E1198ACB19B9}"
EndProject
Project("{FAE04EC0-301F-11D3-BF4B-00C04F79EFBC}") = "Hack.io.RARC", "..\Hack.io\Hack.io.RARC\Hack.io.RARC.csproj", "{4F4162CC-70FF-4EB9-AB34-D5FF98490C34}"
EndProject
Project("{FAE04EC0-301F-11D3-BF4B-00C04F79EFBC}") = "Hack.io.YAZ0", "..\Hack.io\Hack.io.YAZ0\Hack.io.YAZ0.csproj", "{BDDA5ADE-2D88-483D-854C-D295ED9F8089}"
EndProject
Project("{FAE04EC0-301F-11D3-BF4B-00C04F79EFBC}") = "Hack.io", "..\Hack.io\Hack.io\Hack.io.csproj", "{389F751D-DB2A-4746-B3BC-88E106C361CE}"
EndProject
Project("{FAE04EC0-301F-11D3-BF4B-00C04F79EFBC}") = "Hack.io.YAY0", "..\Hack.io\Hack.io.YAY0\Hack.io.YAY0.csproj", "{2576022C-4A09-4A25-AFB8-9F7DF919E02C}"
EndProject
Global
	GlobalSection(SolutionConfigurationPlatforms) = preSolution
		Debug|Any CPU = Debug|Any CPU
		Release|Any CPU = Release|Any CPU
	EndGlobalSection
	GlobalSection(ProjectConfigurationPlatforms) = postSolution
		{3711A74A-B9FB-4C8F-A7AB-E1198ACB19B9}.Debug|Any CPU.ActiveCfg = Debug|Any CPU
		{3711A74A-B9FB-4C8F-A7AB-E1198ACB19B9}.Debug|Any CPU.Build.0 = Debug|Any CPU
		{3711A74A-B9FB-4C8F-A7AB-E1198ACB19B9}.Release|Any CPU.ActiveCfg = Release|Any CPU
		{3711A74A-B9FB-4C8F-A7AB-E1198ACB19B9}.Release|Any CPU.Build.0 = Release|Any CPU
		{4F4162CC-70FF-4EB9-AB34-D5FF98490C34}.Debug|Any CPU.ActiveCfg = Debug|Any CPU
		{4F4162CC-70FF-4EB9-AB34-D5FF98490C34}.Debug|Any CPU.Build.0 = Debug|Any CPU
		{4F4162CC-70FF-4EB9-AB34-D5FF98490C34}.Release|Any CPU.ActiveCfg = Release|Any CPU
		{4F4162CC-70FF-4EB9-AB34-D5FF98490C34}.Release|Any CPU.Build.0 = Release|Any CPU
		{BDDA5ADE-2D88-483D-854C-D295ED9F8089}.Debug|Any CPU.ActiveCfg = Debug|Any CPU
		{BDDA5ADE-2D88-483D-854C-D295ED9F8089}.Debug|Any CPU.Build.0 = Debug|Any CPU
		{BDDA5ADE-2D88-483D-854C-D295ED9F8089}.Release|Any CPU.ActiveCfg = Release|Any CPU
		{BDDA5ADE-2D88-483D-854C-D295ED9F8089}.Release|Any CPU.Build.0 = Release|Any CPU
		{389F751D-DB2A-4746-B3BC-88E106C361CE}.Debug|Any CPU.ActiveCfg = Debug|Any CPU
		{389F751D-DB2A-4746-B3BC-88E106C361CE}.Debug|Any CPU.Build.0 = Debug|Any CPU
		{389F751D-DB2A-4746-B3BC-88E106C361CE}.Release|Any CPU.ActiveCfg = Release|Any CPU
		{389F751D-DB2A-4746-B3BC-88E106C361CE}.Release|Any CPU.Build.0 = Release|Any CPU
		{2576022C-4A09-4A25-AFB8-9F7DF919E02C}.Debug|Any CPU.ActiveCfg = Debug|Any CPU
		{2576022C-4A09-4A25-AFB8-9F7DF919E02C}.Debug|Any CPU.Build.0 = Debug|Any CPU
		{2576022C-4A09-4A25-AFB8-9F7DF919E02C}.Release|Any CPU.ActiveCfg = Release|Any CPU
		{2576022C-4A09-4A25-AFB8-9F7DF919E02C}.Release|Any CPU.Build.0 = Release|Any CPU
	EndGlobalSection
	GlobalSection(SolutionProperties) = preSolution
		HideSolutionNode = FALSE
	EndGlobalSection
	GlobalSection(ExtensibilityGlobals) = postSolution
		SolutionGuid = {D03B7266-14DF-459E-94C6-9FFDDA06C0F3}
	EndGlobalSection
EndGlobal
